github.com/BurntSushi/toml v0.3.1 h1:WXkYYl6Yr3qBf1K79EBnL4mak0OimBfB0XUf9Vl28OQ=
github.com/BurntSushi/toml v0.3.1/go.mod h1:xHWCNGjB5oqiDr8zfno3MHue2Ht5sIBksp03qcyfWMU=
github.com/Songmu/prompter v0.0.0-20181014095714-d227c68538bd h1:WPP3dYxBYZBo0q3t14UIvD0Myr848agWCVSlScH17E0=
github.com/Songmu/prompter v0.0.0-20181014095714-d227c68538bd/go.mod h1:fNhSFBGC+sg+dZ7AqDHgq+xYiom23TeTESzUbO7PIrE=
github.com/Songmu/retry v0.1.0 h1:hPA5xybQsksLR/ry/+t/7cFajPW+dqjmjhzZhioBILA=
github.com/Songmu/retry v0.1.0/go.mod h1:7sXIW7eseB9fq0FUvigRcQMVLR9tuHI0Scok+rkpAuA=
github.com/Songmu/timeout v0.3.1 h1://DvEPmBO0bfi1lZrvam2h+lGVh+aZEPLEbumoJSIEc=
github.com/Songmu/timeout v0.3.1/go.mod h1:HUbpfjc2MgU7tXBcfE6Ta9Sk2NtKkZlr8G34/nhVYXE=
github.com/Songmu/wrapcommander v0.0.0-20190209161912-6edabfc62ab9 h1:xu3B8iDZtpXl0meW/UVpgDLh/Oo0tlpBz7o7UZF9fxA=
github.com/Songmu/wrapcommander v0.0.0-20190209161912-6edabfc62ab9/go.mod h1:BcurWRA8LPJdt1oyizpcpwYRDc11reXN3WnrbAnvdHE=
github.com/mackerelio/go-osstat v0.0.0-20190208070000-fcbbc2a9dcc2 h1:Q20K8NloaHNlJuzViBjV9yxFb0kQck/FE16s+ftsegg=
github.com/mackerelio/go-osstat v0.0.0-20190208070000-fcbbc2a9dcc2/go.mod h1:sRByAXz76nwXkhnEDpyxB17EbiP+qYBT+oA/CdhC5fQ=
github.com/mackerelio/golib v0.0.0-20190320144302-6316bf9505a9 h1:fspvFvUVrutzEfJ8GNLmpm+wn97dQjCNdXnqkOdmXv0=
github.com/mackerelio/golib v0.0.0-20190320144302-6316bf9505a9/go.mod h1:QQXnbzDaHtoPLMpOFWMWyLhxJMBqKEwM5gs6rz+fBxk=
github.com/mackerelio/mackerel-client-go v0.2.0 h1:U7euYxKkwR/VslijZfE3+Qegx+LPwwguC75an5JBX8o=
github.com/mackerelio/mackerel-client-go v0.2.0/go.mod h1:j4naoxKaoie5bu4gCy1qnB47jH2e+k2SRYouccXeEc8=
github.com/mattn/go-encoding v0.0.2 h1:OC1L+QXLJge9n7yIE3R5Os/UNasUeFvK3Sa4NjbDi6c=
github.com/mattn/go-encoding v0.0.2/go.mod h1:WUNsdPQLK4JYRzkn8IAdmYKFYGGJ4/9YPxdPoMumPgY=
github.com/mattn/go-isatty v0.0.7 h1:UvyT9uN+3r7yLEYSlJsbQGdsaB/a0DlgWP3pql6iwOc=
github.com/mattn/go-isatty v0.0.7/go.mod h1:Iq45c/XA43vh69/j3iqttzPXn0bhXyGjM0Hdxcsrc5s=
github.com/motemen/go-cli v0.0.0-20180105012931-9961a876eb5f h1:8IDfl3KLXNwuUVjga5oZdDruIw3MxhsihldCnY2uI8k=
github.com/motemen/go-cli v0.0.0-20180105012931-9961a876eb5f/go.mod h1:jeZVfRcZJAU7M/byTJYLp3f9+FD8CxR2uvVDzwsPEf0=
github.com/pkg/errors v0.8.1 h1:iURUrRGxPUNPdy5/HRSm+Yj6okJ6UtLINN0Q9M4+h3I=
github.com/pkg/errors v0.8.1/go.mod h1:bwawxfHBFNV+L2hUp1rHADufV3IMtnDRdf1r5NINEl0=
golang.org/x/crypto v0.0.0-20190325154230-a5d413f7728c h1:Vj5n4GlwjmQteupaxJ9+0FNOmBrHfq7vN4btdGoDZgI=
golang.org/x/crypto v0.0.0-20190325154230-a5d413f7728c/go.mod h1:djNgcEr1/C05ACkg1iLfiJU5Ep61QUkGW8qpdssI0+w=
golang.org/x/sys v0.0.0-20190215142949-d0b11bdaac8a/go.mod h1:STP8DvDyc/dI5b8T5hshtkjS+E42TnysNCUPdjciGhY=
golang.org/x/sys v0.0.0-20190222072716-a9d3bda3a223/go.mod h1:STP8DvDyc/dI5b8T5hshtkjS+E42TnysNCUPdjciGhY=
golang.org/x/sys v0.0.0-20190322080309-f49334f85ddc h1:4gbWbmmPFp4ySWICouJl6emP0MyS31yy9SrTlAGFT+g=
golang.org/x/sys v0.0.0-20190322080309-f49334f85ddc/go.mod h1:h1NjWce9XRLGQEsW7wpKNCjG9DtNlClVuFLEZdDNbEs=
golang.org/x/text v0.3.0 h1:g61tztE5qeGQ89tm6NTjjM9VPIm088od1l6aSorWRWg=
golang.org/x/text v0.3.0/go.mod h1:NqM8EUOU14njkJ3fqMW+pc6Ldnwhi/IjpwHt7yyuwOQ=
