# This file is autogenerated, do not edit; changes may be undone by the next 'dep ensure'.


[[projects]]
  name = "github.com/BurntSushi/toml"
  packages = ["."]
  revision = "b26d9c308763d68093482582cea63d69be07a0f0"
  version = "v0.3.0"

[[projects]]
  name = "github.com/Songmu/prompter"
  packages = ["."]
  revision = "b5721e8d556682bcef33262731d98a39dee14dc4"
  version = "0.1.0"

[[projects]]
  name = "github.com/Songmu/retry"
  packages = ["."]
  revision = "3a202b1bab4254860f7f71d04c28133026100493"
  version = "v0.0.1"

[[projects]]
  branch = "master"
  name = "github.com/Songmu/timeout"
  packages = ["."]
  revision = "cf01263a94e615aab265b0949fc55d5e0e15fa10"

[[projects]]
  branch = "master"
  name = "github.com/StackExchange/wmi"
  packages = ["."]
  revision = "ea383cf3ba6ec950874b8486cd72356d007c768f"

[[projects]]
  name = "github.com/go-ole/go-ole"
  packages = [".","oleutil"]
  revision = "0e87ea779d9deb219633b828a023b32e1244dd57"
  version = "v1.2.0"

[[projects]]
  branch = "master"
  name = "github.com/mackerelio/go-osstat"
  packages = ["loadavg","memory","network"]
  revision = "b3701073cd6ad9fb1001b2d4c167a26cf236bdf8"

[[projects]]
  branch = "master"
  name = "github.com/mackerelio/golib"
  packages = ["logging","pluginutil"]
  revision = "f8af1a14676acd67ed7bd1c48c4e95d978b9ce4d"

[[projects]]
  name = "github.com/mattn/go-encoding"
  packages = ["."]
  revision = "a934bb263954cae0fe21b222a60076d4e344c149"
  version = "v0.0.2"

[[projects]]
  name = "github.com/mattn/go-isatty"
  packages = ["."]
  revision = "0360b2af4f38e8d38c7fce2a9f4e702702d73a39"
  version = "v0.0.3"

[[projects]]
  branch = "master"
  name = "github.com/motemen/go-cli"
  packages = ["."]
  revision = "2b028b94b900761aeb60610d3f6cf1564f4b2736"

[[projects]]
  name = "github.com/shirou/gopsutil"
  packages = ["host","internal/common","process"]
  revision = "6e221c482653ef05c9f6a7bf71ddceea0e40bac5"
  version = "v2.17.09"

[[projects]]
  branch = "master"
  name = "golang.org/x/crypto"
  packages = ["ssh/terminal"]
  revision = "ed5229da99e3a6df35c756cd64b6982d19505d86"

[[projects]]
  branch = "master"
  name = "golang.org/x/sys"
  packages = ["unix","windows","windows/registry","windows/svc","windows/svc/eventlog","windows/svc/mgr"]
  revision = "8dbc5d05d6edcc104950cc299a1ce6641235bc86"

[[projects]]
  branch = "master"
  name = "golang.org/x/text"
  packages = ["encoding","encoding/charmap","encoding/internal","encoding/internal/identifier","encoding/japanese","encoding/korean","encoding/simplifiedchinese","encoding/traditionalchinese","encoding/unicode","internal/gen","internal/utf8internal","runes","transform","unicode/cldr"]
  revision = "c01e4764d870b77f8abe5096ee19ad20d80e8075"

[solve-meta]
  analyzer-name = "dep"
  analyzer-version = 1
  inputs-digest = "8e050f2c692a441fb866bedb8f157422b53f539c049ba1a054f9292c900e886e"
  solver-name = "gps-cdcl"
  solver-version = 1
